# This file is automatically @generated by Cargo.
# It is not intended for manual editing.
version = 4

[[package]]
name = "iota-ctf-challenge-1"
version = "0.1.0"

[[package]]
name = "iota-ctf-challenge-2"
version = "0.1.0"

[[package]]
name = "iota-ctf-challenge-3"
version = "0.1.0"

[[package]]
name = "iota-ctf-challenge-4"
version = "0.1.0"

[[package]]
name = "iota-ctf-challenge-5"
version = "0.1.0"

[[package]]
name = "iota-ctf-challenge-6"
version = "0.1.0"
